
Microsoft Visual Studio Solution File, Format Version 12.00
# Visual Studio Version 17
VisualStudioVersion = 17.13.36105.23
MinimumVisualStudioVersion = 10.0.40219.1
Project("{FAE04EC0-301F-11D3-BF4B-00C04F79EFBC}") = "Captcha_Net_Core", "Captcha_Net_Core\Captcha_Net_Core.csproj", "{1632ACB9-C36F-45D5-A792-0BA53622E758}"
EndProject
Project("{FAE04EC0-301F-11D3-BF4B-00C04F79EFBC}") = "CaptchaLib", "CaptchaLib\CaptchaLib.csproj", "{B89C82DF-2F1E-4962-96EF-2EEAF122A4AB}"
EndProject
Project("{FAE04EC0-301F-11D3-BF4B-00C04F79EFBC}") = "Captcha_TesterWin", "Captcha_TesterWin\Captcha_TesterWin.csproj", "{9AFA1039-26A1-49F2-813F-95CBB6EDAC68}"
EndProject
Global
	GlobalSection(SolutionConfigurationPlatforms) = preSolution
		Debug|Any CPU = Debug|Any CPU
		Release|Any CPU = Release|Any CPU
	EndGlobalSection
	GlobalSection(ProjectConfigurationPlatforms) = postSolution
		{1632ACB9-C36F-45D5-A792-0BA53622E758}.Debug|Any CPU.ActiveCfg = Debug|Any CPU
		{1632ACB9-C36F-45D5-A792-0BA53622E758}.Debug|Any CPU.Build.0 = Debug|Any CPU
		{1632ACB9-C36F-45D5-A792-0BA53622E758}.Release|Any CPU.ActiveCfg = Release|Any CPU
		{1632ACB9-C36F-45D5-A792-0BA53622E758}.Release|Any CPU.Build.0 = Release|Any CPU
		{B89C82DF-2F1E-4962-96EF-2EEAF122A4AB}.Debug|Any CPU.ActiveCfg = Debug|Any CPU
		{B89C82DF-2F1E-4962-96EF-2EEAF122A4AB}.Debug|Any CPU.Build.0 = Debug|Any CPU
		{B89C82DF-2F1E-4962-96EF-2EEAF122A4AB}.Release|Any CPU.ActiveCfg = Release|Any CPU
		{B89C82DF-2F1E-4962-96EF-2EEAF122A4AB}.Release|Any CPU.Build.0 = Release|Any CPU
		{9AFA1039-26A1-49F2-813F-95CBB6EDAC68}.Debug|Any CPU.ActiveCfg = Debug|Any CPU
		{9AFA1039-26A1-49F2-813F-95CBB6EDAC68}.Debug|Any CPU.Build.0 = Debug|Any CPU
		{9AFA1039-26A1-49F2-813F-95CBB6EDAC68}.Release|Any CPU.ActiveCfg = Release|Any CPU
		{9AFA1039-26A1-49F2-813F-95CBB6EDAC68}.Release|Any CPU.Build.0 = Release|Any CPU
	EndGlobalSection
	GlobalSection(SolutionProperties) = preSolution
		HideSolutionNode = FALSE
	EndGlobalSection
	GlobalSection(ExtensibilityGlobals) = postSolution
		SolutionGuid = {A7AD9391-5DB0-4C86-ADF2-A44AD3D51F3B}
	EndGlobalSection
EndGlobal
